
Microsoft Visual Studio Solution File, Format Version 12.00
# Visual Studio Version 16
VisualStudioVersion = 16.0.32413.511
MinimumVisualStudioVersion = 10.0.40219.1
Project("{FAE04EC0-301F-11D3-BF4B-00C04F79EFBC}") = "AspWebLogin", "AspWebLogin\AspWebLogin.csproj", "{372C1A70-C2FF-43AB-8219-E101AF2A55A3}"
EndProject
Global
	GlobalSection(SolutionConfigurationPlatforms) = preSolution
		Debug|Any CPU = Debug|Any CPU
		Release|Any CPU = Release|Any CPU
	EndGlobalSection
	GlobalSection(ProjectConfigurationPlatforms) = postSolution
		{372C1A70-C2FF-43AB-8219-E101AF2A55A3}.Debug|Any CPU.ActiveCfg = Debug|Any CPU
		{372C1A70-C2FF-43AB-8219-E101AF2A55A3}.Debug|Any CPU.Build.0 = Debug|Any CPU
		{372C1A70-C2FF-43AB-8219-E101AF2A55A3}.Release|Any CPU.ActiveCfg = Release|Any CPU
		{372C1A70-C2FF-43AB-8219-E101AF2A55A3}.Release|Any CPU.Build.0 = Release|Any CPU
	EndGlobalSection
	GlobalSection(SolutionProperties) = preSolution
		HideSolutionNode = FALSE
	EndGlobalSection
	GlobalSection(ExtensibilityGlobals) = postSolution
		SolutionGuid = {53F86B79-A3BE-41B7-8281-004DC6AC14D9}
	EndGlobalSection
EndGlobal
